
Microsoft Visual Studio Solution File, Format Version 12.00
# Visual Studio 15
VisualStudioVersion = 15.0.27703.2035
MinimumVisualStudioVersion = 10.0.40219.1
Project("{FAE04EC0-301F-11D3-BF4B-00C04F79EFBC}") = "DotNet3", "DotNet3\DotNet3.csproj", "{6282BE47-EB34-4658-874E-A1C8DA92CA9B}"
EndProject
Global
	GlobalSection(SolutionConfigurationPlatforms) = preSolution
		Debug|Any CPU = Debug|Any CPU
		Release|Any CPU = Release|Any CPU
	EndGlobalSection
	GlobalSection(ProjectConfigurationPlatforms) = postSolution
		{6282BE47-EB34-4658-874E-A1C8DA92CA9B}.Debug|Any CPU.ActiveCfg = Debug|Any CPU
		{6282BE47-EB34-4658-874E-A1C8DA92CA9B}.Debug|Any CPU.Build.0 = Debug|Any CPU
		{6282BE47-EB34-4658-874E-A1C8DA92CA9B}.Release|Any CPU.ActiveCfg = Release|Any CPU
		{6282BE47-EB34-4658-874E-A1C8DA92CA9B}.Release|Any CPU.Build.0 = Release|Any CPU
	EndGlobalSection
	GlobalSection(SolutionProperties) = preSolution
		HideSolutionNode = FALSE
	EndGlobalSection
	GlobalSection(ExtensibilityGlobals) = postSolution
		SolutionGuid = {405641F6-8325-415D-B4AB-A74ED3081A89}
	EndGlobalSection
EndGlobal
